
Microsoft Visual Studio Solution File, Format Version 12.00
# Visual Studio 15
Project("{FAE04EC0-301F-11D3-BF4B-00C04F79EFBC}") = "Mirror.Examples", "Mirror.Examples.csproj", "{4D150975-3788-6229-7C98-7AD4752A210A}"
EndProject
Project("{FAE04EC0-301F-11D3-BF4B-00C04F79EFBC}") = "Mirror", "Mirror.csproj", "{07E73519-D6E7-8462-7076-C877269202DD}"
EndProject
Project("{FAE04EC0-301F-11D3-BF4B-00C04F79EFBC}") = "Mirror.Hosting", "Mirror.Hosting.csproj", "{14076D57-867A-C9AE-E074-341570B6A54C}"
EndProject
Project("{FAE04EC0-301F-11D3-BF4B-00C04F79EFBC}") = "Unity.Mirror.CodeGen", "Unity.Mirror.CodeGen.csproj", "{5D59F0F0-150B-DEB7-AB33-5E7B21D21F86}"
EndProject
Project("{FAE04EC0-301F-11D3-BF4B-00C04F79EFBC}") = "Mirror.Components", "Mirror.Components.csproj", "{8880B4F4-83CB-6D2C-F8EB-BFBBB12103B7}"
EndProject
Project("{FAE04EC0-301F-11D3-BF4B-00C04F79EFBC}") = "Mirror.Editor", "Mirror.Editor.csproj", "{02F94DA0-2650-5C79-08F2-56B73390F0F2}"
EndProject
Project("{FAE04EC0-301F-11D3-BF4B-00C04F79EFBC}") = "Mirror.Transports", "Mirror.Transports.csproj", "{5ECE7772-9CC0-8B51-9224-451A948C5C38}"
EndProject
Project("{FAE04EC0-301F-11D3-BF4B-00C04F79EFBC}") = "Telepathy", "Telepathy.csproj", "{A850E469-5188-BF59-32D2-7F9B67FF93DA}"
EndProject
Project("{FAE04EC0-301F-11D3-BF4B-00C04F79EFBC}") = "SimpleWebTransport", "SimpleWebTransport.csproj", "{362650C7-C867-B5CC-049E-E67699EB8992}"
EndProject
Project("{FAE04EC0-301F-11D3-BF4B-00C04F79EFBC}") = "ParrelSync", "ParrelSync.csproj", "{F269BDD2-35C4-2296-E68F-25F82C2E6DC1}"
EndProject
Project("{FAE04EC0-301F-11D3-BF4B-00C04F79EFBC}") = "kcp2k", "kcp2k.csproj", "{EC339429-EAE8-1593-EC36-209FA733C8E2}"
EndProject
Project("{FAE04EC0-301F-11D3-BF4B-00C04F79EFBC}") = "Assembly-CSharp", "Assembly-CSharp.csproj", "{B9787E81-C900-806D-7577-0A9DD0540ACA}"
EndProject
Project("{FAE04EC0-301F-11D3-BF4B-00C04F79EFBC}") = "Mirror.Authenticators", "Mirror.Authenticators.csproj", "{38676AF5-F2CD-E21E-6B6E-8CD2856FC5EE}"
EndProject
Project("{FAE04EC0-301F-11D3-BF4B-00C04F79EFBC}") = "EncryptionTransportEditor", "EncryptionTransportEditor.csproj", "{1B9C3D6C-31C6-64EA-E062-16B6DFAA37BB}"
EndProject
Project("{FAE04EC0-301F-11D3-BF4B-00C04F79EFBC}") = "Mirror.CompilerSymbols", "Mirror.CompilerSymbols.csproj", "{E525905E-0CC9-1AA0-AC51-529348AFCCAB}"
EndProject
Global
	GlobalSection(SolutionConfigurationPlatforms) = preSolution
		Debug|Any CPU = Debug|Any CPU
		Release|Any CPU = Release|Any CPU
	EndGlobalSection
	GlobalSection(ProjectConfigurationPlatforms) = postSolution
		{4D150975-3788-6229-7C98-7AD4752A210A}.Debug|Any CPU.ActiveCfg = Debug|Any CPU
		{4D150975-3788-6229-7C98-7AD4752A210A}.Debug|Any CPU.Build.0 = Debug|Any CPU
		{4D150975-3788-6229-7C98-7AD4752A210A}.Release|Any CPU.ActiveCfg = Release|Any CPU
		{4D150975-3788-6229-7C98-7AD4752A210A}.Release|Any CPU.Build.0 = Release|Any CPU
		{07E73519-D6E7-8462-7076-C877269202DD}.Debug|Any CPU.ActiveCfg = Debug|Any CPU
		{07E73519-D6E7-8462-7076-C877269202DD}.Debug|Any CPU.Build.0 = Debug|Any CPU
		{07E73519-D6E7-8462-7076-C877269202DD}.Release|Any CPU.ActiveCfg = Release|Any CPU
		{07E73519-D6E7-8462-7076-C877269202DD}.Release|Any CPU.Build.0 = Release|Any CPU
		{14076D57-867A-C9AE-E074-341570B6A54C}.Debug|Any CPU.ActiveCfg = Debug|Any CPU
		{14076D57-867A-C9AE-E074-341570B6A54C}.Debug|Any CPU.Build.0 = Debug|Any CPU
		{14076D57-867A-C9AE-E074-341570B6A54C}.Release|Any CPU.ActiveCfg = Release|Any CPU
		{14076D57-867A-C9AE-E074-341570B6A54C}.Release|Any CPU.Build.0 = Release|Any CPU
		{5D59F0F0-150B-DEB7-AB33-5E7B21D21F86}.Debug|Any CPU.ActiveCfg = Debug|Any CPU
		{5D59F0F0-150B-DEB7-AB33-5E7B21D21F86}.Debug|Any CPU.Build.0 = Debug|Any CPU
		{5D59F0F0-150B-DEB7-AB33-5E7B21D21F86}.Release|Any CPU.ActiveCfg = Release|Any CPU
		{5D59F0F0-150B-DEB7-AB33-5E7B21D21F86}.Release|Any CPU.Build.0 = Release|Any CPU
		{8880B4F4-83CB-6D2C-F8EB-BFBBB12103B7}.Debug|Any CPU.ActiveCfg = Debug|Any CPU
		{8880B4F4-83CB-6D2C-F8EB-BFBBB12103B7}.Debug|Any CPU.Build.0 = Debug|Any CPU
		{8880B4F4-83CB-6D2C-F8EB-BFBBB12103B7}.Release|Any CPU.ActiveCfg = Release|Any CPU
		{8880B4F4-83CB-6D2C-F8EB-BFBBB12103B7}.Release|Any CPU.Build.0 = Release|Any CPU
		{02F94DA0-2650-5C79-08F2-56B73390F0F2}.Debug|Any CPU.ActiveCfg = Debug|Any CPU
		{02F94DA0-2650-5C79-08F2-56B73390F0F2}.Debug|Any CPU.Build.0 = Debug|Any CPU
		{02F94DA0-2650-5C79-08F2-56B73390F0F2}.Release|Any CPU.ActiveCfg = Release|Any CPU
		{02F94DA0-2650-5C79-08F2-56B73390F0F2}.Release|Any CPU.Build.0 = Release|Any CPU
		{5ECE7772-9CC0-8B51-9224-451A948C5C38}.Debug|Any CPU.ActiveCfg = Debug|Any CPU
		{5ECE7772-9CC0-8B51-9224-451A948C5C38}.Debug|Any CPU.Build.0 = Debug|Any CPU
		{5ECE7772-9CC0-8B51-9224-451A948C5C38}.Release|Any CPU.ActiveCfg = Release|Any CPU
		{5ECE7772-9CC0-8B51-9224-451A948C5C38}.Release|Any CPU.Build.0 = Release|Any CPU
		{A850E469-5188-BF59-32D2-7F9B67FF93DA}.Debug|Any CPU.ActiveCfg = Debug|Any CPU
		{A850E469-5188-BF59-32D2-7F9B67FF93DA}.Debug|Any CPU.Build.0 = Debug|Any CPU
		{A850E469-5188-BF59-32D2-7F9B67FF93DA}.Release|Any CPU.ActiveCfg = Release|Any CPU
		{A850E469-5188-BF59-32D2-7F9B67FF93DA}.Release|Any CPU.Build.0 = Release|Any CPU
		{362650C7-C867-B5CC-049E-E67699EB8992}.Debug|Any CPU.ActiveCfg = Debug|Any CPU
		{362650C7-C867-B5CC-049E-E67699EB8992}.Debug|Any CPU.Build.0 = Debug|Any CPU
		{362650C7-C867-B5CC-049E-E67699EB8992}.Release|Any CPU.ActiveCfg = Release|Any CPU
		{362650C7-C867-B5CC-049E-E67699EB8992}.Release|Any CPU.Build.0 = Release|Any CPU
		{F269BDD2-35C4-2296-E68F-25F82C2E6DC1}.Debug|Any CPU.ActiveCfg = Debug|Any CPU
		{F269BDD2-35C4-2296-E68F-25F82C2E6DC1}.Debug|Any CPU.Build.0 = Debug|Any CPU
		{F269BDD2-35C4-2296-E68F-25F82C2E6DC1}.Release|Any CPU.ActiveCfg = Release|Any CPU
		{F269BDD2-35C4-2296-E68F-25F82C2E6DC1}.Release|Any CPU.Build.0 = Release|Any CPU
		{EC339429-EAE8-1593-EC36-209FA733C8E2}.Debug|Any CPU.ActiveCfg = Debug|Any CPU
		{EC339429-EAE8-1593-EC36-209FA733C8E2}.Debug|Any CPU.Build.0 = Debug|Any CPU
		{EC339429-EAE8-1593-EC36-209FA733C8E2}.Release|Any CPU.ActiveCfg = Release|Any CPU
		{EC339429-EAE8-1593-EC36-209FA733C8E2}.Release|Any CPU.Build.0 = Release|Any CPU
		{B9787E81-C900-806D-7577-0A9DD0540ACA}.Debug|Any CPU.ActiveCfg = Debug|Any CPU
		{B9787E81-C900-806D-7577-0A9DD0540ACA}.Debug|Any CPU.Build.0 = Debug|Any CPU
		{B9787E81-C900-806D-7577-0A9DD0540ACA}.Release|Any CPU.ActiveCfg = Release|Any CPU
		{B9787E81-C900-806D-7577-0A9DD0540ACA}.Release|Any CPU.Build.0 = Release|Any CPU
		{38676AF5-F2CD-E21E-6B6E-8CD2856FC5EE}.Debug|Any CPU.ActiveCfg = Debug|Any CPU
		{38676AF5-F2CD-E21E-6B6E-8CD2856FC5EE}.Debug|Any CPU.Build.0 = Debug|Any CPU
		{38676AF5-F2CD-E21E-6B6E-8CD2856FC5EE}.Release|Any CPU.ActiveCfg = Release|Any CPU
		{38676AF5-F2CD-E21E-6B6E-8CD2856FC5EE}.Release|Any CPU.Build.0 = Release|Any CPU
		{1B9C3D6C-31C6-64EA-E062-16B6DFAA37BB}.Debug|Any CPU.ActiveCfg = Debug|Any CPU
		{1B9C3D6C-31C6-64EA-E062-16B6DFAA37BB}.Debug|Any CPU.Build.0 = Debug|Any CPU
		{1B9C3D6C-31C6-64EA-E062-16B6DFAA37BB}.Release|Any CPU.ActiveCfg = Release|Any CPU
		{1B9C3D6C-31C6-64EA-E062-16B6DFAA37BB}.Release|Any CPU.Build.0 = Release|Any CPU
		{E525905E-0CC9-1AA0-AC51-529348AFCCAB}.Debug|Any CPU.ActiveCfg = Debug|Any CPU
		{E525905E-0CC9-1AA0-AC51-529348AFCCAB}.Debug|Any CPU.Build.0 = Debug|Any CPU
		{E525905E-0CC9-1AA0-AC51-529348AFCCAB}.Release|Any CPU.ActiveCfg = Release|Any CPU
		{E525905E-0CC9-1AA0-AC51-529348AFCCAB}.Release|Any CPU.Build.0 = Release|Any CPU
	EndGlobalSection
	GlobalSection(SolutionProperties) = preSolution
		HideSolutionNode = FALSE
	EndGlobalSection
EndGlobal
